
Microsoft Visual Studio Solution File, Format Version 12.00
# Visual Studio Version 17
VisualStudioVersion = 17.1.32210.238
MinimumVisualStudioVersion = 10.0.40219.1
Project("{FAE04EC0-301F-11D3-BF4B-00C04F79EFBC}") = "FangYang0114Project3CLSApp", "FangYang0114Project3CLSApp\FangYang0114Project3CLSApp.csproj", "{0FD3BDC4-EBDB-44AA-BB12-C1A3C267A7FA}"
EndProject
Global
	GlobalSection(SolutionConfigurationPlatforms) = preSolution
		Debug|Any CPU = Debug|Any CPU
		Release|Any CPU = Release|Any CPU
	EndGlobalSection
	GlobalSection(ProjectConfigurationPlatforms) = postSolution
		{0FD3BDC4-EBDB-44AA-BB12-C1A3C267A7FA}.Debug|Any CPU.ActiveCfg = Debug|Any CPU
		{0FD3BDC4-EBDB-44AA-BB12-C1A3C267A7FA}.Debug|Any CPU.Build.0 = Debug|Any CPU
		{0FD3BDC4-EBDB-44AA-BB12-C1A3C267A7FA}.Release|Any CPU.ActiveCfg = Release|Any CPU
		{0FD3BDC4-EBDB-44AA-BB12-C1A3C267A7FA}.Release|Any CPU.Build.0 = Release|Any CPU
	EndGlobalSection
	GlobalSection(SolutionProperties) = preSolution
		HideSolutionNode = FALSE
	EndGlobalSection
	GlobalSection(ExtensibilityGlobals) = postSolution
		SolutionGuid = {2244C42F-DE7F-44DC-85AC-244773C7D036}
	EndGlobalSection
EndGlobal
